// !$*UTF8*$!
{
	archiveVersion = 1;
	classes = {
	};
	objectVersion = 50;
	objects = {

/* Begin PBXBuildFile section */
		570E1E1C270FB05300ED8129 /* LoginViewController.swift in Sources */ = {isa = PBXBuildFile; fileRef = 570E1E1B270FB05300ED8129 /* LoginViewController.swift */; };
		570E1E1F270FB09F00ED8129 /* EstabelecimentosViewController.swift in Sources */ = {isa = PBXBuildFile; fileRef = 570E1E1E270FB09F00ED8129 /* EstabelecimentosViewController.swift */; };
		570E1E25270FBB1300ED8129 /* ProdutosViewController.swift in Sources */ = {isa = PBXBuildFile; fileRef = 570E1E24270FBB1300ED8129 /* ProdutosViewController.swift */; };
		570E1E28270FC59800ED8129 /* ProdutoViewController.swift in Sources */ = {isa = PBXBuildFile; fileRef = 570E1E27270FC59800ED8129 /* ProdutoViewController.swift */; };
		570E1E2B270FC6D100ED8129 /* CarrinhoViewController.swift in Sources */ = {isa = PBXBuildFile; fileRef = 570E1E2A270FC6D100ED8129 /* CarrinhoViewController.swift */; };
		57359D71272229A20017A304 /* ProdutosCell.swift in Sources */ = {isa = PBXBuildFile; fileRef = 57359D70272229A20017A304 /* ProdutosCell.swift */; };
		576ED6B327067DF10095453C /* AppDelegate.swift in Sources */ = {isa = PBXBuildFile; fileRef = 576ED6B227067DF10095453C /* AppDelegate.swift */; };
		576ED6B527067DF10095453C /* SceneDelegate.swift in Sources */ = {isa = PBXBuildFile; fileRef = 576ED6B427067DF10095453C /* SceneDelegate.swift */; };
		576ED6B727067DF10095453C /* ViewController.swift in Sources */ = {isa = PBXBuildFile; fileRef = 576ED6B627067DF10095453C /* ViewController.swift */; };
		576ED6BA27067DF10095453C /* Main.storyboard in Resources */ = {isa = PBXBuildFile; fileRef = 576ED6B827067DF10095453C /* Main.storyboard */; };
		576ED6BC27067DF20095453C /* Assets.xcassets in Resources */ = {isa = PBXBuildFile; fileRef = 576ED6BB27067DF20095453C /* Assets.xcassets */; };
		576ED6BF27067DF20095453C /* LaunchScreen.storyboard in Resources */ = {isa = PBXBuildFile; fileRef = 576ED6BD27067DF20095453C /* LaunchScreen.storyboard */; };
		57A406652718E2EF004279D6 /* Produto.swift in Sources */ = {isa = PBXBuildFile; fileRef = 57A406642718E2EF004279D6 /* Produto.swift */; };
		57A406682718E512004279D6 /* Estabelecimento.swift in Sources */ = {isa = PBXBuildFile; fileRef = 57A406672718E512004279D6 /* Estabelecimento.swift */; };
		57A4066B2718E66D004279D6 /* Carrinho.swift in Sources */ = {isa = PBXBuildFile; fileRef = 57A4066A2718E66D004279D6 /* Carrinho.swift */; };
		57A4066E2718E755004279D6 /* Usuario.swift in Sources */ = {isa = PBXBuildFile; fileRef = 57A4066D2718E755004279D6 /* Usuario.swift */; };
		57A406712718E9B6004279D6 /* DataSource.swift in Sources */ = {isa = PBXBuildFile; fileRef = 57A406702718E9B6004279D6 /* DataSource.swift */; };
		57A406752718F169004279D6 /* EstabelecimentoCell.swift in Sources */ = {isa = PBXBuildFile; fileRef = 57A406742718F169004279D6 /* EstabelecimentoCell.swift */; };
/* End PBXBuildFile section */

/* Begin PBXFileReference section */
		570E1E1B270FB05300ED8129 /* LoginViewController.swift */ = {isa = PBXFileReference; lastKnownFileType = sourcecode.swift; path = LoginViewController.swift; sourceTree = "<group>"; };
		570E1E1E270FB09F00ED8129 /* EstabelecimentosViewController.swift */ = {isa = PBXFileReference; lastKnownFileType = sourcecode.swift; path = EstabelecimentosViewController.swift; sourceTree = "<group>"; };
		570E1E24270FBB1300ED8129 /* ProdutosViewController.swift */ = {isa = PBXFileReference; lastKnownFileType = sourcecode.swift; path = ProdutosViewController.swift; sourceTree = "<group>"; };
		570E1E27270FC59800ED8129 /* ProdutoViewController.swift */ = {isa = PBXFileReference; lastKnownFileType = sourcecode.swift; path = ProdutoViewController.swift; sourceTree = "<group>"; };
		570E1E2A270FC6D100ED8129 /* CarrinhoViewController.swift */ = {isa = PBXFileReference; lastKnownFileType = sourcecode.swift; path = CarrinhoViewController.swift; sourceTree = "<group>"; };
		57359D70272229A20017A304 /* ProdutosCell.swift */ = {isa = PBXFileReference; lastKnownFileType = sourcecode.swift; path = ProdutosCell.swift; sourceTree = "<group>"; };
		576ED6AF27067DF10095453C /* APPDelivery.app */ = {isa = PBXFileReference; explicitFileType = wrapper.application; includeInIndex = 0; path = APPDelivery.app; sourceTree = BUILT_PRODUCTS_DIR; };
		576ED6B227067DF10095453C /* AppDelegate.swift */ = {isa = PBXFileReference; lastKnownFileType = sourcecode.swift; path = AppDelegate.swift; sourceTree = "<group>"; };
		576ED6B427067DF10095453C /* SceneDelegate.swift */ = {isa = PBXFileReference; lastKnownFileType = sourcecode.swift; path = SceneDelegate.swift; sourceTree = "<group>"; };
		576ED6B627067DF10095453C /* ViewController.swift */ = {isa = PBXFileReference; lastKnownFileType = sourcecode.swift; path = ViewController.swift; sourceTree = "<group>"; };
		576ED6B927067DF10095453C /* Base */ = {isa = PBXFileReference; lastKnownFileType = file.storyboard; name = Base; path = Base.lproj/Main.storyboard; sourceTree = "<group>"; };
		576ED6BB27067DF20095453C /* Assets.xcassets */ = {isa = PBXFileReference; lastKnownFileType = folder.assetcatalog; path = Assets.xcassets; sourceTree = "<group>"; };
		576ED6BE27067DF20095453C /* Base */ = {isa = PBXFileReference; lastKnownFileType = file.storyboard; name = Base; path = Base.lproj/LaunchScreen.storyboard; sourceTree = "<group>"; };
		576ED6C027067DF20095453C /* Info.plist */ = {isa = PBXFileReference; lastKnownFileType = text.plist.xml; path = Info.plist; sourceTree = "<group>"; };
		57A406642718E2EF004279D6 /* Produto.swift */ = {isa = PBXFileReference; lastKnownFileType = sourcecode.swift; path = Produto.swift; sourceTree = "<group>"; };
		57A406672718E512004279D6 /* Estabelecimento.swift */ = {isa = PBXFileReference; lastKnownFileType = sourcecode.swift; path = Estabelecimento.swift; sourceTree = "<group>"; };
		57A4066A2718E66D004279D6 /* Carrinho.swift */ = {isa = PBXFileReference; lastKnownFileType = sourcecode.swift; path = Carrinho.swift; sourceTree = "<group>"; };
		57A4066D2718E755004279D6 /* Usuario.swift */ = {isa = PBXFileReference; lastKnownFileType = sourcecode.swift; path = Usuario.swift; sourceTree = "<group>"; };
		57A406702718E9B6004279D6 /* DataSource.swift */ = {isa = PBXFileReference; lastKnownFileType = sourcecode.swift; path = DataSource.swift; sourceTree = "<group>"; };
		57A406742718F169004279D6 /* EstabelecimentoCell.swift */ = {isa = PBXFileReference; lastKnownFileType = sourcecode.swift; path = EstabelecimentoCell.swift; sourceTree = "<group>"; };
/* End PBXFileReference section */

/* Begin PBXFrameworksBuildPhase section */
		576ED6AC27067DF10095453C /* Frameworks */ = {
			isa = PBXFrameworksBuildPhase;
			buildActionMask = 2147483647;
			files = (
			);
			runOnlyForDeploymentPostprocessing = 0;
		};
/* End PBXFrameworksBuildPhase section */

/* Begin PBXGroup section */
		576ED6A627067DF10095453C = {
			isa = PBXGroup;
			children = (
				576ED6B127067DF10095453C /* APPDelivery */,
				576ED6B027067DF10095453C /* Products */,
			);
			sourceTree = "<group>";
		};
		576ED6B027067DF10095453C /* Products */ = {
			isa = PBXGroup;
			children = (
				576ED6AF27067DF10095453C /* APPDelivery.app */,
			);
			name = Products;
			sourceTree = "<group>";
		};
		576ED6B127067DF10095453C /* APPDelivery */ = {
			isa = PBXGroup;
			children = (
				57A4066D2718E755004279D6 /* Usuario.swift */,
				576ED6B227067DF10095453C /* AppDelegate.swift */,
				576ED6B427067DF10095453C /* SceneDelegate.swift */,
				576ED6B627067DF10095453C /* ViewController.swift */,
				576ED6BB27067DF20095453C /* Assets.xcassets */,
				576ED6BD27067DF20095453C /* LaunchScreen.storyboard */,
				576ED6C027067DF20095453C /* Info.plist */,
				570E1E1B270FB05300ED8129 /* LoginViewController.swift */,
				576ED6B827067DF10095453C /* Main.storyboard */,
				570E1E1E270FB09F00ED8129 /* EstabelecimentosViewController.swift */,
				570E1E24270FBB1300ED8129 /* ProdutosViewController.swift */,
				570E1E27270FC59800ED8129 /* ProdutoViewController.swift */,
				570E1E2A270FC6D100ED8129 /* CarrinhoViewController.swift */,
				57A406642718E2EF004279D6 /* Produto.swift */,
				57A406672718E512004279D6 /* Estabelecimento.swift */,
				57A4066A2718E66D004279D6 /* Carrinho.swift */,
				57A406702718E9B6004279D6 /* DataSource.swift */,
				57A406742718F169004279D6 /* EstabelecimentoCell.swift */,
				57359D70272229A20017A304 /* ProdutosCell.swift */,
			);
			path = APPDelivery;
			sourceTree = "<group>";
		};
/* End PBXGroup section */

/* Begin PBXNativeTarget section */
		576ED6AE27067DF10095453C /* APPDelivery */ = {
			isa = PBXNativeTarget;
			buildConfigurationList = 576ED6C327067DF20095453C /* Build configuration list for PBXNativeTarget "APPDelivery" */;
			buildPhases = (
				576ED6AB27067DF10095453C /* Sources */,
				576ED6AC27067DF10095453C /* Frameworks */,
				576ED6AD27067DF10095453C /* Resources */,
			);
			buildRules = (
			);
			dependencies = (
			);
			name = APPDelivery;
			productName = APPDelivery;
			productReference = 576ED6AF27067DF10095453C /* APPDelivery.app */;
			productType = "com.apple.product-type.application";
		};
/* End PBXNativeTarget section */

/* Begin PBXProject section */
		576ED6A727067DF10095453C /* Project object */ = {
			isa = PBXProject;
			attributes = {
				LastSwiftUpdateCheck = 1240;
				LastUpgradeCheck = 1240;
				TargetAttributes = {
					576ED6AE27067DF10095453C = {
						CreatedOnToolsVersion = 12.4;
					};
				};
			};
			buildConfigurationList = 576ED6AA27067DF10095453C /* Build configuration list for PBXProject "APPDelivery" */;
			compatibilityVersion = "Xcode 9.3";
			developmentRegion = en;
			hasScannedForEncodings = 0;
			knownRegions = (
				en,
				Base,
			);
			mainGroup = 576ED6A627067DF10095453C;
			productRefGroup = 576ED6B027067DF10095453C /* Products */;
			projectDirPath = "";
			projectRoot = "";
			targets = (
				576ED6AE27067DF10095453C /* APPDelivery */,
			);
		};
/* End PBXProject section */

/* Begin PBXResourcesBuildPhase section */
		576ED6AD27067DF10095453C /* Resources */ = {
			isa = PBXResourcesBuildPhase;
			buildActionMask = 2147483647;
			files = (
				576ED6BF27067DF20095453C /* LaunchScreen.storyboard in Resources */,
				576ED6BC27067DF20095453C /* Assets.xcassets in Resources */,
				576ED6BA27067DF10095453C /* Main.storyboard in Resources */,
			);
			runOnlyForDeploymentPostprocessing = 0;
		};
/* End PBXResourcesBuildPhase section */

/* Begin PBXSourcesBuildPhase section */
		576ED6AB27067DF10095453C /* Sources */ = {
			isa = PBXSourcesBuildPhase;
			buildActionMask = 2147483647;
			files = (
				570E1E28270FC59800ED8129 /* ProdutoViewController.swift in Sources */,
				570E1E1C270FB05300ED8129 /* LoginViewController.swift in Sources */,
				57A406652718E2EF004279D6 /* Produto.swift in Sources */,
				57A406712718E9B6004279D6 /* DataSource.swift in Sources */,
				576ED6B727067DF10095453C /* ViewController.swift in Sources */,
				570E1E25270FBB1300ED8129 /* ProdutosViewController.swift in Sources */,
				570E1E2B270FC6D100ED8129 /* CarrinhoViewController.swift in Sources */,
				576ED6B327067DF10095453C /* AppDelegate.swift in Sources */,
				576ED6B527067DF10095453C /* SceneDelegate.swift in Sources */,
				57A4066E2718E755004279D6 /* Usuario.swift in Sources */,
				57A406752718F169004279D6 /* EstabelecimentoCell.swift in Sources */,
				57A406682718E512004279D6 /* Estabelecimento.swift in Sources */,
				570E1E1F270FB09F00ED8129 /* EstabelecimentosViewController.swift in Sources */,
				57359D71272229A20017A304 /* ProdutosCell.swift in Sources */,
				57A4066B2718E66D004279D6 /* Carrinho.swift in Sources */,
			);
			runOnlyForDeploymentPostprocessing = 0;
		};
/* End PBXSourcesBuildPhase section */

/* Begin PBXVariantGroup section */
		576ED6B827067DF10095453C /* Main.storyboard */ = {
			isa = PBXVariantGroup;
			children = (
				576ED6B927067DF10095453C /* Base */,
			);
			name = Main.storyboard;
			sourceTree = "<group>";
		};
		576ED6BD27067DF20095453C /* LaunchScreen.storyboard */ = {
			isa = PBXVariantGroup;
			children = (
				576ED6BE27067DF20095453C /* Base */,
			);
			name = LaunchScreen.storyboard;
			sourceTree = "<group>";
		};
/* End PBXVariantGroup section */

/* Begin XCBuildConfiguration section */
		576ED6C127067DF20095453C /* Debug */ = {
			isa = XCBuildConfiguration;
			buildSettings = {
				ALWAYS_SEARCH_USER_PATHS = NO;
				CLANG_ANALYZER_NONNULL = YES;
				CLANG_ANALYZER_NUMBER_OBJECT_CONVERSION = YES_AGGRESSIVE;
				CLANG_CXX_LANGUAGE_STANDARD = "gnu++14";
				CLANG_CXX_LIBRARY = "libc++";
				CLANG_ENABLE_MODULES = YES;
				CLANG_ENABLE_OBJC_ARC = YES;
				CLANG_ENABLE_OBJC_WEAK = YES;
				CLANG_WARN_BLOCK_CAPTURE_AUTORELEASING = YES;
				CLANG_WARN_BOOL_CONVERSION = YES;
				CLANG_WARN_COMMA = YES;
				CLANG_WARN_CONSTANT_CONVERSION = YES;
				CLANG_WARN_DEPRECATED_OBJC_IMPLEMENTATIONS = YES;
				CLANG_WARN_DIRECT_OBJC_ISA_USAGE = YES_ERROR;
				CLANG_WARN_DOCUMENTATION_COMMENTS = YES;
				CLANG_WARN_EMPTY_BODY = YES;
				CLANG_WARN_ENUM_CONVERSION = YES;
				CLANG_WARN_INFINITE_RECURSION = YES;
				CLANG_WARN_INT_CONVERSION = YES;
				CLANG_WARN_NON_LITERAL_NULL_CONVERSION = YES;
				CLANG_WARN_OBJC_IMPLICIT_RETAIN_SELF = YES;
				CLANG_WARN_OBJC_LITERAL_CONVERSION = YES;
				CLANG_WARN_OBJC_ROOT_CLASS = YES_ERROR;
				CLANG_WARN_QUOTED_INCLUDE_IN_FRAMEWORK_HEADER = YES;
				CLANG_WARN_RANGE_LOOP_ANALYSIS = YES;
				CLANG_WARN_STRICT_PROTOTYPES = YES;
				CLANG_WARN_SUSPICIOUS_MOVE = YES;
				CLANG_WARN_UNGUARDED_AVAILABILITY = YES_AGGRESSIVE;
				CLANG_WARN_UNREACHABLE_CODE = YES;
				CLANG_WARN__DUPLICATE_METHOD_MATCH = YES;
				COPY_PHASE_STRIP = NO;
				DEBUG_INFORMATION_FORMAT = dwarf;
				ENABLE_STRICT_OBJC_MSGSEND = YES;
				ENABLE_TESTABILITY = YES;
				GCC_C_LANGUAGE_STANDARD = gnu11;
				GCC_DYNAMIC_NO_PIC = NO;
				GCC_NO_COMMON_BLOCKS = YES;
				GCC_OPTIMIZATION_LEVEL = 0;
				GCC_PREPROCESSOR_DEFINITIONS = (
					"DEBUG=1",
					"$(inherited)",
				);
				GCC_WARN_64_TO_32_BIT_CONVERSION = YES;
				GCC_WARN_ABOUT_RETURN_TYPE = YES_ERROR;
				GCC_WARN_UNDECLARED_SELECTOR = YES;
				GCC_WARN_UNINITIALIZED_AUTOS = YES_AGGRESSIVE;
				GCC_WARN_UNUSED_FUNCTION = YES;
				GCC_WARN_UNUSED_VARIABLE = YES;
				IPHONEOS_DEPLOYMENT_TARGET = 14.4;
				MTL_ENABLE_DEBUG_INFO = INCLUDE_SOURCE;
				MTL_FAST_MATH = YES;
				ONLY_ACTIVE_ARCH = YES;
				SDKROOT = iphoneos;
				SWIFT_ACTIVE_COMPILATION_CONDITIONS = DEBUG;
				SWIFT_OPTIMIZATION_LEVEL = "-Onone";
			};
			name = Debug;
		};
		576ED6C227067DF20095453C /* Release */ = {
			isa = XCBuildConfiguration;
			buildSettings = {
				ALWAYS_SEARCH_USER_PATHS = NO;
				CLANG_ANALYZER_NONNULL = YES;
				CLANG_ANALYZER_NUMBER_OBJECT_CONVERSION = YES_AGGRESSIVE;
				CLANG_CXX_LANGUAGE_STANDARD = "gnu++14";
				CLANG_CXX_LIBRARY = "libc++";
				CLANG_ENABLE_MODULES = YES;
				CLANG_ENABLE_OBJC_ARC = YES;
				CLANG_ENABLE_OBJC_WEAK = YES;
				CLANG_WARN_BLOCK_CAPTURE_AUTORELEASING = YES;
				CLANG_WARN_BOOL_CONVERSION = YES;
				CLANG_WARN_COMMA = YES;
				CLANG_WARN_CONSTANT_CONVERSION = YES;
				CLANG_WARN_DEPRECATED_OBJC_IMPLEMENTATIONS = YES;
				CLANG_WARN_DIRECT_OBJC_ISA_USAGE = YES_ERROR;
				CLANG_WARN_DOCUMENTATION_COMMENTS = YES;
				CLANG_WARN_EMPTY_BODY = YES;
				CLANG_WARN_ENUM_CONVERSION = YES;
				CLANG_WARN_INFINITE_RECURSION = YES;
				CLANG_WARN_INT_CONVERSION = YES;
				CLANG_WARN_NON_LITERAL_NULL_CONVERSION = YES;
				CLANG_WARN_OBJC_IMPLICIT_RETAIN_SELF = YES;
				CLANG_WARN_OBJC_LITERAL_CONVERSION = YES;
				CLANG_WARN_OBJC_ROOT_CLASS = YES_ERROR;
				CLANG_WARN_QUOTED_INCLUDE_IN_FRAMEWORK_HEADER = YES;
				CLANG_WARN_RANGE_LOOP_ANALYSIS = YES;
				CLANG_WARN_STRICT_PROTOTYPES = YES;
				CLANG_WARN_SUSPICIOUS_MOVE = YES;
				CLANG_WARN_UNGUARDED_AVAILABILITY = YES_AGGRESSIVE;
				CLANG_WARN_UNREACHABLE_CODE = YES;
				CLANG_WARN__DUPLICATE_METHOD_MATCH = YES;
				COPY_PHASE_STRIP = NO;
				DEBUG_INFORMATION_FORMAT = "dwarf-with-dsym";
				ENABLE_NS_ASSERTIONS = NO;
				ENABLE_STRICT_OBJC_MSGSEND = YES;
				GCC_C_LANGUAGE_STANDARD = gnu11;
				GCC_NO_COMMON_BLOCKS = YES;
				GCC_WARN_64_TO_32_BIT_CONVERSION = YES;
				GCC_WARN_ABOUT_RETURN_TYPE = YES_ERROR;
				GCC_WARN_UNDECLARED_SELECTOR = YES;
				GCC_WARN_UNINITIALIZED_AUTOS = YES_AGGRESSIVE;
				GCC_WARN_UNUSED_FUNCTION = YES;
				GCC_WARN_UNUSED_VARIABLE = YES;
				IPHONEOS_DEPLOYMENT_TARGET = 14.4;
				MTL_ENABLE_DEBUG_INFO = NO;
				MTL_FAST_MATH = YES;
				SDKROOT = iphoneos;
				SWIFT_COMPILATION_MODE = wholemodule;
				SWIFT_OPTIMIZATION_LEVEL = "-O";
				VALIDATE_PRODUCT = YES;
			};
			name = Release;
		};
		576ED6C427067DF20095453C /* Debug */ = {
			isa = XCBuildConfiguration;
			buildSettings = {
				ASSETCATALOG_COMPILER_APPICON_NAME = AppIcon;
				ASSETCATALOG_COMPILER_GLOBAL_ACCENT_COLOR_NAME = AccentColor;
				CODE_SIGN_STYLE = Automatic;
				DEVELOPMENT_TEAM = X6257D43P3;
				INFOPLIST_FILE = APPDelivery/Info.plist;
				LD_RUNPATH_SEARCH_PATHS = (
					"$(inherited)",
					"@executable_path/Frameworks",
				);
				PRODUCT_BUNDLE_IDENTIFIER = tales.APPDelivery;
				PRODUCT_NAME = "$(TARGET_NAME)";
				SWIFT_VERSION = 5.0;
				TARGETED_DEVICE_FAMILY = "1,2";
			};
			name = Debug;
		};
		576ED6C527067DF20095453C /* Release */ = {
			isa = XCBuildConfiguration;
			buildSettings = {
				ASSETCATALOG_COMPILER_APPICON_NAME = AppIcon;
				ASSETCATALOG_COMPILER_GLOBAL_ACCENT_COLOR_NAME = AccentColor;
				CODE_SIGN_STYLE = Automatic;
				DEVELOPMENT_TEAM = X6257D43P3;
				INFOPLIST_FILE = APPDelivery/Info.plist;
				LD_RUNPATH_SEARCH_PATHS = (
					"$(inherited)",
					"@executable_path/Frameworks",
				);
				PRODUCT_BUNDLE_IDENTIFIER = tales.APPDelivery;
				PRODUCT_NAME = "$(TARGET_NAME)";
				SWIFT_VERSION = 5.0;
				TARGETED_DEVICE_FAMILY = "1,2";
			};
			name = Release;
		};
/* End XCBuildConfiguration section */

/* Begin XCConfigurationList section */
		576ED6AA27067DF10095453C /* Build configuration list for PBXProject "APPDelivery" */ = {
			isa = XCConfigurationList;
			buildConfigurations = (
				576ED6C127067DF20095453C /* Debug */,
				576ED6C227067DF20095453C /* Release */,
			);
			defaultConfigurationIsVisible = 0;
			defaultConfigurationName = Release;
		};
		576ED6C327067DF20095453C /* Build configuration list for PBXNativeTarget "APPDelivery" */ = {
			isa = XCConfigurationList;
			buildConfigurations = (
				576ED6C427067DF20095453C /* Debug */,
				576ED6C527067DF20095453C /* Release */,
			);
			defaultConfigurationIsVisible = 0;
			defaultConfigurationName = Release;
		};
/* End XCConfigurationList section */
	};
	rootObject = 576ED6A727067DF10095453C /* Project object */;
}
